<?xml version="1.0" encoding="UTF-8"?>
<Scheme
   LastUpgradeVersion = "0700"
   version = "1.3">
   <BuildAction
      parallelizeBuildables = "YES"
      buildImplicitDependencies = "YES">
      <BuildActionEntries>
         <BuildActionEntry
            buildForTesting = "YES"
            buildForRunning = "YES"
            buildForProfiling = "YES"
            buildForArchiving = "YES"
            buildForAnalyzing = "YES">
            <BuildableReference
               BuildableIdentifier = "primary"
               BlueprintIdentifier = "0569F99F1BDF0FC800C922A4"
               BuildableName = "&#x6309;&#x94ae;&#x81ea;&#x5b9a;&#x4e49;&#x6548;&#x679c;Demo.app"
               BlueprintName = "&#x6309;&#x94ae;&#x81ea;&#x5b9a;&#x4e49;&#x6548;&#x679c;Demo"
               ReferencedContainer = "container:&#x6309;&#x94ae;&#x81ea;&#x5b9a;&#x4e49;&#x6548;&#x679c;Demo.xcodeproj">
            </BuildableReference>
         </BuildActionEntry>
      </BuildActionEntries>
   </BuildAction>
   <TestAction
      buildConfiguration = "Debug"
      selectedDebuggerIdentifier = "Xcode.DebuggerFoundation.Debugger.LLDB"
      selectedLauncherIdentifier = "Xcode.DebuggerFoundation.Launcher.LLDB"
      shouldUseLaunchSchemeArgsEnv = "YES">
      <Testables>
         <TestableReference
            skipped = "NO">
            <BuildableReference
               BuildableIdentifier = "primary"
               BlueprintIdentifier = "0569F9B81BDF0FC800C922A4"
               BuildableName = "&#x6309;&#x94ae;&#x81ea;&#x5b9a;&#x4e49;&#x6548;&#x679c;DemoTests.xctest"
               BlueprintName = "&#x6309;&#x94ae;&#x81ea;&#x5b9a;&#x4e49;&#x6548;&#x679c;DemoTests"
               ReferencedContainer = "container:&#x6309;&#x94ae;&#x81ea;&#x5b9a;&#x4e49;&#x6548;&#x679c;Demo.xcodeproj">
            </BuildableReference>
         </TestableReference>
         <TestableReference
            skipped = "NO">
            <BuildableReference
               BuildableIdentifier = "primary"
               BlueprintIdentifier = "0569F9C31BDF0FC800C922A4"
               BuildableName = "&#x6309;&#x94ae;&#x81ea;&#x5b9a;&#x4e49;&#x6548;&#x679c;DemoUITests.xctest"
               BlueprintName = "&#x6309;&#x94ae;&#x81ea;&#x5b9a;&#x4e49;&#x6548;&#x679c;DemoUITests"
               ReferencedContainer = "container:&#x6309;&#x94ae;&#x81ea;&#x5b9a;&#x4e49;&#x6548;&#x679c;Demo.xcodeproj">
            </BuildableReference>
         </TestableReference>
      </Testables>
      <MacroExpansion>
         <BuildableReference
            BuildableIdentifier = "primary"
            BlueprintIdentifier = "0569F99F1BDF0FC800C922A4"
            BuildableName = "&#x6309;&#x94ae;&#x81ea;&#x5b9a;&#x4e49;&#x6548;&#x679c;Demo.app"
            BlueprintName = "&#x6309;&#x94ae;&#x81ea;&#x5b9a;&#x4e49;&#x6548;&#x679c;Demo"
            ReferencedContainer = "container:&#x6309;&#x94ae;&#x81ea;&#x5b9a;&#x4e49;&#x6548;&#x679c;Demo.xcodeproj">
         </BuildableReference>
      </MacroExpansion>
      <AdditionalOptions>
      </AdditionalOptions>
   </TestAction>
   <LaunchAction
      buildConfiguration = "Debug"
      selectedDebuggerIdentifier = "Xcode.DebuggerFoundation.Debugger.LLDB"
      selectedLauncherIdentifier = "Xcode.DebuggerFoundation.Launcher.LLDB"
      launchStyle = "0"
      useCustomWorkingDirectory = "NO"
      ignoresPersistentStateOnLaunch = "NO"
      debugDocumentVersioning = "YES"
      debugServiceExtension = "internal"
      allowLocationSimulation = "YES">
      <BuildableProductRunnable
         runnableDebuggingMode = "0">
         <BuildableReference
            BuildableIdentifier = "primary"
            BlueprintIdentifier = "0569F99F1BDF0FC800C922A4"
            BuildableName = "&#x6309;&#x94ae;&#x81ea;&#x5b9a;&#x4e49;&#x6548;&#x679c;Demo.app"
            BlueprintName = "&#x6309;&#x94ae;&#x81ea;&#x5b9a;&#x4e49;&#x6548;&#x679c;Demo"
            ReferencedContainer = "container:&#x6309;&#x94ae;&#x81ea;&#x5b9a;&#x4e49;&#x6548;&#x679c;Demo.xcodeproj">
         </BuildableReference>
      </BuildableProductRunnable>
      <AdditionalOptions>
      </AdditionalOptions>
   </LaunchAction>
   <ProfileAction
      buildConfiguration = "Release"
      shouldUseLaunchSchemeArgsEnv = "YES"
      savedToolIdentifier = ""
      useCustomWorkingDirectory = "NO"
      debugDocumentVersioning = "YES">
      <BuildableProductRunnable
         runnableDebuggingMode = "0">
         <BuildableReference
            BuildableIdentifier = "primary"
            BlueprintIdentifier = "0569F99F1BDF0FC800C922A4"
            BuildableName = "&#x6309;&#x94ae;&#x81ea;&#x5b9a;&#x4e49;&#x6548;&#x679c;Demo.app"
            BlueprintName = "&#x6309;&#x94ae;&#x81ea;&#x5b9a;&#x4e49;&#x6548;&#x679c;Demo"
            ReferencedContainer = "container:&#x6309;&#x94ae;&#x81ea;&#x5b9a;&#x4e49;&#x6548;&#x679c;Demo.xcodeproj">
         </BuildableReference>
      </BuildableProductRunnable>
   </ProfileAction>
   <AnalyzeAction
      buildConfiguration = "Debug">
   </AnalyzeAction>
   <ArchiveAction
      buildConfiguration = "Release"
      revealArchiveInOrganizer = "YES">
   </ArchiveAction>
</Scheme>
